github.com/caarlos0/env/v11 v11.3.1 h1:cArPWC15hWmEt+gWk7YBi7lEXTXCvpaSdCiZE2X5mCA=
github.com/caarlos0/env/v11 v11.3.1/go.mod h1:qupehSf/Y0TUTsxKywqRt/vJjN5nz6vauiYEUUr8P4U=
github.com/google/go-cmp v0.6.0 h1:ofyhxvXcZhMsU5ulbFiLKl/XBFqE1GSq7atu8tAmTRI=
github.com/google/go-cmp v0.6.0/go.mod h1:17dUlkBOakJ0+DkrSSNjCkIjxS6bF9zb3elmeNGIjoY=
go.chrisrx.dev/tools v0.0.0-20250810151836-f20e5a8178ae h1:aYOrOz/PmzBgx4IgvaSQn8iskEbw8x8sx+8I+zj+2NY=
go.chrisrx.dev/tools v0.0.0-20250810151836-f20e5a8178ae/go.mod h1:alCadETejPzrTQhYMW2cM8GwkBG/bVK0hbY0oVmbOxk=
go.chrisrx.dev/tools v0.0.0-20250810160827-9bde82477a09 h1:2IxmXBzM//t8XQUYu9t7/dWVPRjJVjWjrzEy3cTCa8Q=
go.chrisrx.dev/tools v0.0.0-20250810160827-9bde82477a09/go.mod h1:alCadETejPzrTQhYMW2cM8GwkBG/bVK0hbY0oVmbOxk=
go.chrisrx.dev/tools v0.0.0-20250810192934-27dfaee09bf9 h1:LuozjGiHpMMRkcpQmhhNrEWkhRjBCv+eGR1fJGQr0xQ=
go.chrisrx.dev/tools v0.0.0-20250810192934-27dfaee09bf9/go.mod h1:alCadETejPzrTQhYMW2cM8GwkBG/bVK0hbY0oVmbOxk=
golang.org/x/mod v0.27.0 h1:kb+q2PyFnEADO2IEF935ehFUXlWiNjJWtRNgBLSfbxQ=
golang.org/x/mod v0.27.0/go.mod h1:rWI627Fq0DEoudcK+MBkNkCe0EetEaDSwJJkCcjpazc=
golang.org/x/sync v0.16.0 h1:ycBJEhp9p4vXvUZNszeOq0kGTPghopOL8q0fq3vstxw=
golang.org/x/sync v0.16.0/go.mod h1:1dzgHSNfp02xaA81J2MS99Qcpr2w7fw1gpm99rleRqA=
golang.org/x/tools v0.36.0 h1:kWS0uv/zsvHEle1LbV5LE8QujrxB3wfQyxHfhOk0Qkg=
golang.org/x/tools v0.36.0/go.mod h1:WBDiHKJK8YgLHlcQPYQzNCkUxUypCaa5ZegCVutKm+s=
